
Microsoft Visual Studio Solution File, Format Version 12.00
# Visual Studio 15
VisualStudioVersion = 15.0.26430.14
MinimumVisualStudioVersion = 10.0.40219.1
Project("{FAE04EC0-301F-11D3-BF4B-00C04F79EFBC}") = "MyXamarinAlliance.Android", "MyXamarinAlliance\MyXamarinAlliance.Android\MyXamarinAlliance.Android.csproj", "{F4F51D1A-A090-45A6-8FA0-08AD335F05D9}"
EndProject
Project("{FAE04EC0-301F-11D3-BF4B-00C04F79EFBC}") = "MyXamarinAlliance", "MyXamarinAlliance\MyXamarinAlliance\MyXamarinAlliance.csproj", "{E892C4FF-4634-498C-91F0-7218BFD41CBF}"
EndProject
Project("{FAE04EC0-301F-11D3-BF4B-00C04F79EFBC}") = "MyXamarinAlliance.UWP", "MyXamarinAlliance\MyXamarinAlliance.UWP\MyXamarinAlliance.UWP.csproj", "{D8C7FACC-70D7-42B5-8F0C-E369B16D93C2}"
EndProject
Project("{FAE04EC0-301F-11D3-BF4B-00C04F79EFBC}") = "MyXamarinAlliance.iOS", "MyXamarinAlliance\MyXamarinAlliance.iOS\MyXamarinAlliance.iOS.csproj", "{E04F21C0-1B34-46DE-AEA5-0CFA6803AE14}"
EndProject
Global
	GlobalSection(SolutionConfigurationPlatforms) = preSolution
		Ad-Hoc|Any CPU = Ad-Hoc|Any CPU
		Ad-Hoc|ARM = Ad-Hoc|ARM
		Ad-Hoc|iPhone = Ad-Hoc|iPhone
		Ad-Hoc|iPhoneSimulator = Ad-Hoc|iPhoneSimulator
		Ad-Hoc|x64 = Ad-Hoc|x64
		Ad-Hoc|x86 = Ad-Hoc|x86
		AppStore|Any CPU = AppStore|Any CPU
		AppStore|ARM = AppStore|ARM
		AppStore|iPhone = AppStore|iPhone
		AppStore|iPhoneSimulator = AppStore|iPhoneSimulator
		AppStore|x64 = AppStore|x64
		AppStore|x86 = AppStore|x86
		Debug|Any CPU = Debug|Any CPU
		Debug|ARM = Debug|ARM
		Debug|iPhone = Debug|iPhone
		Debug|iPhoneSimulator = Debug|iPhoneSimulator
		Debug|x64 = Debug|x64
		Debug|x86 = Debug|x86
		Release|Any CPU = Release|Any CPU
		Release|ARM = Release|ARM
		Release|iPhone = Release|iPhone
		Release|iPhoneSimulator = Release|iPhoneSimulator
		Release|x64 = Release|x64
		Release|x86 = Release|x86
	EndGlobalSection
	GlobalSection(ProjectConfigurationPlatforms) = postSolution
		{F4F51D1A-A090-45A6-8FA0-08AD335F05D9}.Ad-Hoc|Any CPU.ActiveCfg = Release|Any CPU
		{F4F51D1A-A090-45A6-8FA0-08AD335F05D9}.Ad-Hoc|Any CPU.Build.0 = Release|Any CPU
		{F4F51D1A-A090-45A6-8FA0-08AD335F05D9}.Ad-Hoc|Any CPU.Deploy.0 = Release|Any CPU
		{F4F51D1A-A090-45A6-8FA0-08AD335F05D9}.Ad-Hoc|ARM.ActiveCfg = Release|Any CPU
		{F4F51D1A-A090-45A6-8FA0-08AD335F05D9}.Ad-Hoc|ARM.Build.0 = Release|Any CPU
		{F4F51D1A-A090-45A6-8FA0-08AD335F05D9}.Ad-Hoc|ARM.Deploy.0 = Release|Any CPU
		{F4F51D1A-A090-45A6-8FA0-08AD335F05D9}.Ad-Hoc|iPhone.ActiveCfg = Release|Any CPU
		{F4F51D1A-A090-45A6-8FA0-08AD335F05D9}.Ad-Hoc|iPhone.Build.0 = Release|Any CPU
		{F4F51D1A-A090-45A6-8FA0-08AD335F05D9}.Ad-Hoc|iPhone.Deploy.0 = Release|Any CPU
		{F4F51D1A-A090-45A6-8FA0-08AD335F05D9}.Ad-Hoc|iPhoneSimulator.ActiveCfg = Release|Any CPU
		{F4F51D1A-A090-45A6-8FA0-08AD335F05D9}.Ad-Hoc|iPhoneSimulator.Build.0 = Release|Any CPU
		{F4F51D1A-A090-45A6-8FA0-08AD335F05D9}.Ad-Hoc|iPhoneSimulator.Deploy.0 = Release|Any CPU
		{F4F51D1A-A090-45A6-8FA0-08AD335F05D9}.Ad-Hoc|x64.ActiveCfg = Release|Any CPU
		{F4F51D1A-A090-45A6-8FA0-08AD335F05D9}.Ad-Hoc|x64.Build.0 = Release|Any CPU
		{F4F51D1A-A090-45A6-8FA0-08AD335F05D9}.Ad-Hoc|x64.Deploy.0 = Release|Any CPU
		{F4F51D1A-A090-45A6-8FA0-08AD335F05D9}.Ad-Hoc|x86.ActiveCfg = Release|Any CPU
		{F4F51D1A-A090-45A6-8FA0-08AD335F05D9}.Ad-Hoc|x86.Build.0 = Release|Any CPU
		{F4F51D1A-A090-45A6-8FA0-08AD335F05D9}.Ad-Hoc|x86.Deploy.0 = Release|Any CPU
		{F4F51D1A-A090-45A6-8FA0-08AD335F05D9}.AppStore|Any CPU.ActiveCfg = Release|Any CPU
		{F4F51D1A-A090-45A6-8FA0-08AD335F05D9}.AppStore|Any CPU.Build.0 = Release|Any CPU
		{F4F51D1A-A090-45A6-8FA0-08AD335F05D9}.AppStore|Any CPU.Deploy.0 = Release|Any CPU
		{F4F51D1A-A090-45A6-8FA0-08AD335F05D9}.AppStore|ARM.ActiveCfg = Release|Any CPU
		{F4F51D1A-A090-45A6-8FA0-08AD335F05D9}.AppStore|ARM.Build.0 = Release|Any CPU
		{F4F51D1A-A090-45A6-8FA0-08AD335F05D9}.AppStore|ARM.Deploy.0 = Release|Any CPU
		{F4F51D1A-A090-45A6-8FA0-08AD335F05D9}.AppStore|iPhone.ActiveCfg = Release|Any CPU
		{F4F51D1A-A090-45A6-8FA0-08AD335F05D9}.AppStore|iPhone.Build.0 = Release|Any CPU
		{F4F51D1A-A090-45A6-8FA0-08AD335F05D9}.AppStore|iPhone.Deploy.0 = Release|Any CPU
		{F4F51D1A-A090-45A6-8FA0-08AD335F05D9}.AppStore|iPhoneSimulator.ActiveCfg = Release|Any CPU
		{F4F51D1A-A090-45A6-8FA0-08AD335F05D9}.AppStore|iPhoneSimulator.Build.0 = Release|Any CPU
		{F4F51D1A-A090-45A6-8FA0-08AD335F05D9}.AppStore|iPhoneSimulator.Deploy.0 = Release|Any CPU
		{F4F51D1A-A090-45A6-8FA0-08AD335F05D9}.AppStore|x64.ActiveCfg = Release|Any CPU
		{F4F51D1A-A090-45A6-8FA0-08AD335F05D9}.AppStore|x64.Build.0 = Release|Any CPU
		{F4F51D1A-A090-45A6-8FA0-08AD335F05D9}.AppStore|x64.Deploy.0 = Release|Any CPU
		{F4F51D1A-A090-45A6-8FA0-08AD335F05D9}.AppStore|x86.ActiveCfg = Release|Any CPU
		{F4F51D1A-A090-45A6-8FA0-08AD335F05D9}.AppStore|x86.Build.0 = Release|Any CPU
		{F4F51D1A-A090-45A6-8FA0-08AD335F05D9}.AppStore|x86.Deploy.0 = Release|Any CPU
		{F4F51D1A-A090-45A6-8FA0-08AD335F05D9}.Debug|Any CPU.ActiveCfg = Debug|Any CPU
		{F4F51D1A-A090-45A6-8FA0-08AD335F05D9}.Debug|Any CPU.Build.0 = Debug|Any CPU
		{F4F51D1A-A090-45A6-8FA0-08AD335F05D9}.Debug|Any CPU.Deploy.0 = Debug|Any CPU
		{F4F51D1A-A090-45A6-8FA0-08AD335F05D9}.Debug|ARM.ActiveCfg = Debug|Any CPU
		{F4F51D1A-A090-45A6-8FA0-08AD335F05D9}.Debug|ARM.Build.0 = Debug|Any CPU
		{F4F51D1A-A090-45A6-8FA0-08AD335F05D9}.Debug|ARM.Deploy.0 = Debug|Any CPU
		{F4F51D1A-A090-45A6-8FA0-08AD335F05D9}.Debug|iPhone.ActiveCfg = Debug|Any CPU
		{F4F51D1A-A090-45A6-8FA0-08AD335F05D9}.Debug|iPhone.Build.0 = Debug|Any CPU
		{F4F51D1A-A090-45A6-8FA0-08AD335F05D9}.Debug|iPhone.Deploy.0 = Debug|Any CPU
		{F4F51D1A-A090-45A6-8FA0-08AD335F05D9}.Debug|iPhoneSimulator.ActiveCfg = Debug|Any CPU
		{F4F51D1A-A090-45A6-8FA0-08AD335F05D9}.Debug|iPhoneSimulator.Build.0 = Debug|Any CPU
		{F4F51D1A-A090-45A6-8FA0-08AD335F05D9}.Debug|iPhoneSimulator.Deploy.0 = Debug|Any CPU
		{F4F51D1A-A090-45A6-8FA0-08AD335F05D9}.Debug|x64.ActiveCfg = Debug|Any CPU
		{F4F51D1A-A090-45A6-8FA0-08AD335F05D9}.Debug|x64.Build.0 = Debug|Any CPU
		{F4F51D1A-A090-45A6-8FA0-08AD335F05D9}.Debug|x64.Deploy.0 = Debug|Any CPU
		{F4F51D1A-A090-45A6-8FA0-08AD335F05D9}.Debug|x86.ActiveCfg = Debug|Any CPU
		{F4F51D1A-A090-45A6-8FA0-08AD335F05D9}.Debug|x86.Build.0 = Debug|Any CPU
		{F4F51D1A-A090-45A6-8FA0-08AD335F05D9}.Debug|x86.Deploy.0 = Debug|Any CPU
		{F4F51D1A-A090-45A6-8FA0-08AD335F05D9}.Release|Any CPU.ActiveCfg = Release|Any CPU
		{F4F51D1A-A090-45A6-8FA0-08AD335F05D9}.Release|Any CPU.Build.0 = Release|Any CPU
		{F4F51D1A-A090-45A6-8FA0-08AD335F05D9}.Release|Any CPU.Deploy.0 = Release|Any CPU
		{F4F51D1A-A090-45A6-8FA0-08AD335F05D9}.Release|ARM.ActiveCfg = Release|Any CPU
		{F4F51D1A-A090-45A6-8FA0-08AD335F05D9}.Release|ARM.Build.0 = Release|Any CPU
		{F4F51D1A-A090-45A6-8FA0-08AD335F05D9}.Release|ARM.Deploy.0 = Release|Any CPU
		{F4F51D1A-A090-45A6-8FA0-08AD335F05D9}.Release|iPhone.ActiveCfg = Release|Any CPU
		{F4F51D1A-A090-45A6-8FA0-08AD335F05D9}.Release|iPhone.Build.0 = Release|Any CPU
		{F4F51D1A-A090-45A6-8FA0-08AD335F05D9}.Release|iPhone.Deploy.0 = Release|Any CPU
		{F4F51D1A-A090-45A6-8FA0-08AD335F05D9}.Release|iPhoneSimulator.ActiveCfg = Release|Any CPU
		{F4F51D1A-A090-45A6-8FA0-08AD335F05D9}.Release|iPhoneSimulator.Build.0 = Release|Any CPU
		{F4F51D1A-A090-45A6-8FA0-08AD335F05D9}.Release|iPhoneSimulator.Deploy.0 = Release|Any CPU
		{F4F51D1A-A090-45A6-8FA0-08AD335F05D9}.Release|x64.ActiveCfg = Release|Any CPU
		{F4F51D1A-A090-45A6-8FA0-08AD335F05D9}.Release|x64.Build.0 = Release|Any CPU
		{F4F51D1A-A090-45A6-8FA0-08AD335F05D9}.Release|x64.Deploy.0 = Release|Any CPU
		{F4F51D1A-A090-45A6-8FA0-08AD335F05D9}.Release|x86.ActiveCfg = Release|Any CPU
		{F4F51D1A-A090-45A6-8FA0-08AD335F05D9}.Release|x86.Build.0 = Release|Any CPU
		{F4F51D1A-A090-45A6-8FA0-08AD335F05D9}.Release|x86.Deploy.0 = Release|Any CPU
		{E892C4FF-4634-498C-91F0-7218BFD41CBF}.Ad-Hoc|Any CPU.ActiveCfg = Release|Any CPU
		{E892C4FF-4634-498C-91F0-7218BFD41CBF}.Ad-Hoc|Any CPU.Build.0 = Release|Any CPU
		{E892C4FF-4634-498C-91F0-7218BFD41CBF}.Ad-Hoc|ARM.ActiveCfg = Release|Any CPU
		{E892C4FF-4634-498C-91F0-7218BFD41CBF}.Ad-Hoc|ARM.Build.0 = Release|Any CPU
		{E892C4FF-4634-498C-91F0-7218BFD41CBF}.Ad-Hoc|iPhone.ActiveCfg = Release|Any CPU
		{E892C4FF-4634-498C-91F0-7218BFD41CBF}.Ad-Hoc|iPhone.Build.0 = Release|Any CPU
		{E892C4FF-4634-498C-91F0-7218BFD41CBF}.Ad-Hoc|iPhoneSimulator.ActiveCfg = Release|Any CPU
		{E892C4FF-4634-498C-91F0-7218BFD41CBF}.Ad-Hoc|iPhoneSimulator.Build.0 = Release|Any CPU
		{E892C4FF-4634-498C-91F0-7218BFD41CBF}.Ad-Hoc|x64.ActiveCfg = Release|Any CPU
		{E892C4FF-4634-498C-91F0-7218BFD41CBF}.Ad-Hoc|x64.Build.0 = Release|Any CPU
		{E892C4FF-4634-498C-91F0-7218BFD41CBF}.Ad-Hoc|x86.ActiveCfg = Release|Any CPU
		{E892C4FF-4634-498C-91F0-7218BFD41CBF}.Ad-Hoc|x86.Build.0 = Release|Any CPU
		{E892C4FF-4634-498C-91F0-7218BFD41CBF}.AppStore|Any CPU.ActiveCfg = Release|Any CPU
		{E892C4FF-4634-498C-91F0-7218BFD41CBF}.AppStore|Any CPU.Build.0 = Release|Any CPU
		{E892C4FF-4634-498C-91F0-7218BFD41CBF}.AppStore|ARM.ActiveCfg = Release|Any CPU
		{E892C4FF-4634-498C-91F0-7218BFD41CBF}.AppStore|ARM.Build.0 = Release|Any CPU
		{E892C4FF-4634-498C-91F0-7218BFD41CBF}.AppStore|iPhone.ActiveCfg = Release|Any CPU
		{E892C4FF-4634-498C-91F0-7218BFD41CBF}.AppStore|iPhone.Build.0 = Release|Any CPU
		{E892C4FF-4634-498C-91F0-7218BFD41CBF}.AppStore|iPhoneSimulator.ActiveCfg = Release|Any CPU
		{E892C4FF-4634-498C-91F0-7218BFD41CBF}.AppStore|iPhoneSimulator.Build.0 = Release|Any CPU
		{E892C4FF-4634-498C-91F0-7218BFD41CBF}.AppStore|x64.ActiveCfg = Release|Any CPU
		{E892C4FF-4634-498C-91F0-7218BFD41CBF}.AppStore|x64.Build.0 = Release|Any CPU
		{E892C4FF-4634-498C-91F0-7218BFD41CBF}.AppStore|x86.ActiveCfg = Release|Any CPU
		{E892C4FF-4634-498C-91F0-7218BFD41CBF}.AppStore|x86.Build.0 = Release|Any CPU
		{E892C4FF-4634-498C-91F0-7218BFD41CBF}.Debug|Any CPU.ActiveCfg = Debug|Any CPU
		{E892C4FF-4634-498C-91F0-7218BFD41CBF}.Debug|Any CPU.Build.0 = Debug|Any CPU
		{E892C4FF-4634-498C-91F0-7218BFD41CBF}.Debug|ARM.ActiveCfg = Debug|Any CPU
		{E892C4FF-4634-498C-91F0-7218BFD41CBF}.Debug|ARM.Build.0 = Debug|Any CPU
		{E892C4FF-4634-498C-91F0-7218BFD41CBF}.Debug|iPhone.ActiveCfg = Debug|Any CPU
		{E892C4FF-4634-498C-91F0-7218BFD41CBF}.Debug|iPhone.Build.0 = Debug|Any CPU
		{E892C4FF-4634-498C-91F0-7218BFD41CBF}.Debug|iPhoneSimulator.ActiveCfg = Debug|Any CPU
		{E892C4FF-4634-498C-91F0-7218BFD41CBF}.Debug|iPhoneSimulator.Build.0 = Debug|Any CPU
		{E892C4FF-4634-498C-91F0-7218BFD41CBF}.Debug|x64.ActiveCfg = Debug|Any CPU
		{E892C4FF-4634-498C-91F0-7218BFD41CBF}.Debug|x64.Build.0 = Debug|Any CPU
		{E892C4FF-4634-498C-91F0-7218BFD41CBF}.Debug|x86.ActiveCfg = Debug|Any CPU
		{E892C4FF-4634-498C-91F0-7218BFD41CBF}.Debug|x86.Build.0 = Debug|Any CPU
		{E892C4FF-4634-498C-91F0-7218BFD41CBF}.Release|Any CPU.ActiveCfg = Release|Any CPU
		{E892C4FF-4634-498C-91F0-7218BFD41CBF}.Release|Any CPU.Build.0 = Release|Any CPU
		{E892C4FF-4634-498C-91F0-7218BFD41CBF}.Release|ARM.ActiveCfg = Release|Any CPU
		{E892C4FF-4634-498C-91F0-7218BFD41CBF}.Release|ARM.Build.0 = Release|Any CPU
		{E892C4FF-4634-498C-91F0-7218BFD41CBF}.Release|iPhone.ActiveCfg = Release|Any CPU
		{E892C4FF-4634-498C-91F0-7218BFD41CBF}.Release|iPhone.Build.0 = Release|Any CPU
		{E892C4FF-4634-498C-91F0-7218BFD41CBF}.Release|iPhoneSimulator.ActiveCfg = Release|Any CPU
		{E892C4FF-4634-498C-91F0-7218BFD41CBF}.Release|iPhoneSimulator.Build.0 = Release|Any CPU
		{E892C4FF-4634-498C-91F0-7218BFD41CBF}.Release|x64.ActiveCfg = Release|Any CPU
		{E892C4FF-4634-498C-91F0-7218BFD41CBF}.Release|x64.Build.0 = Release|Any CPU
		{E892C4FF-4634-498C-91F0-7218BFD41CBF}.Release|x86.ActiveCfg = Release|Any CPU
		{E892C4FF-4634-498C-91F0-7218BFD41CBF}.Release|x86.Build.0 = Release|Any CPU
		{D8C7FACC-70D7-42B5-8F0C-E369B16D93C2}.Ad-Hoc|Any CPU.ActiveCfg = Release|x86
		{D8C7FACC-70D7-42B5-8F0C-E369B16D93C2}.Ad-Hoc|Any CPU.Build.0 = Release|x86
		{D8C7FACC-70D7-42B5-8F0C-E369B16D93C2}.Ad-Hoc|Any CPU.Deploy.0 = Release|x86
		{D8C7FACC-70D7-42B5-8F0C-E369B16D93C2}.Ad-Hoc|ARM.ActiveCfg = Release|ARM
		{D8C7FACC-70D7-42B5-8F0C-E369B16D93C2}.Ad-Hoc|ARM.Build.0 = Release|ARM
		{D8C7FACC-70D7-42B5-8F0C-E369B16D93C2}.Ad-Hoc|ARM.Deploy.0 = Release|ARM
		{D8C7FACC-70D7-42B5-8F0C-E369B16D93C2}.Ad-Hoc|iPhone.ActiveCfg = Release|x86
		{D8C7FACC-70D7-42B5-8F0C-E369B16D93C2}.Ad-Hoc|iPhone.Build.0 = Release|x86
		{D8C7FACC-70D7-42B5-8F0C-E369B16D93C2}.Ad-Hoc|iPhone.Deploy.0 = Release|x86
		{D8C7FACC-70D7-42B5-8F0C-E369B16D93C2}.Ad-Hoc|iPhoneSimulator.ActiveCfg = Release|x86
		{D8C7FACC-70D7-42B5-8F0C-E369B16D93C2}.Ad-Hoc|iPhoneSimulator.Build.0 = Release|x86
		{D8C7FACC-70D7-42B5-8F0C-E369B16D93C2}.Ad-Hoc|iPhoneSimulator.Deploy.0 = Release|x86
		{D8C7FACC-70D7-42B5-8F0C-E369B16D93C2}.Ad-Hoc|x64.ActiveCfg = Release|x64
		{D8C7FACC-70D7-42B5-8F0C-E369B16D93C2}.Ad-Hoc|x64.Build.0 = Release|x64
		{D8C7FACC-70D7-42B5-8F0C-E369B16D93C2}.Ad-Hoc|x64.Deploy.0 = Release|x64
		{D8C7FACC-70D7-42B5-8F0C-E369B16D93C2}.Ad-Hoc|x86.ActiveCfg = Release|x86
		{D8C7FACC-70D7-42B5-8F0C-E369B16D93C2}.Ad-Hoc|x86.Build.0 = Release|x86
		{D8C7FACC-70D7-42B5-8F0C-E369B16D93C2}.Ad-Hoc|x86.Deploy.0 = Release|x86
		{D8C7FACC-70D7-42B5-8F0C-E369B16D93C2}.AppStore|Any CPU.ActiveCfg = Release|x86
		{D8C7FACC-70D7-42B5-8F0C-E369B16D93C2}.AppStore|Any CPU.Build.0 = Release|x86
		{D8C7FACC-70D7-42B5-8F0C-E369B16D93C2}.AppStore|Any CPU.Deploy.0 = Release|x86
		{D8C7FACC-70D7-42B5-8F0C-E369B16D93C2}.AppStore|ARM.ActiveCfg = Release|ARM
		{D8C7FACC-70D7-42B5-8F0C-E369B16D93C2}.AppStore|ARM.Build.0 = Release|ARM
		{D8C7FACC-70D7-42B5-8F0C-E369B16D93C2}.AppStore|ARM.Deploy.0 = Release|ARM
		{D8C7FACC-70D7-42B5-8F0C-E369B16D93C2}.AppStore|iPhone.ActiveCfg = Release|x86
		{D8C7FACC-70D7-42B5-8F0C-E369B16D93C2}.AppStore|iPhone.Build.0 = Release|x86
		{D8C7FACC-70D7-42B5-8F0C-E369B16D93C2}.AppStore|iPhone.Deploy.0 = Release|x86
		{D8C7FACC-70D7-42B5-8F0C-E369B16D93C2}.AppStore|iPhoneSimulator.ActiveCfg = Release|x86
		{D8C7FACC-70D7-42B5-8F0C-E369B16D93C2}.AppStore|iPhoneSimulator.Build.0 = Release|x86
		{D8C7FACC-70D7-42B5-8F0C-E369B16D93C2}.AppStore|iPhoneSimulator.Deploy.0 = Release|x86
		{D8C7FACC-70D7-42B5-8F0C-E369B16D93C2}.AppStore|x64.ActiveCfg = Release|x64
		{D8C7FACC-70D7-42B5-8F0C-E369B16D93C2}.AppStore|x64.Build.0 = Release|x64
		{D8C7FACC-70D7-42B5-8F0C-E369B16D93C2}.AppStore|x64.Deploy.0 = Release|x64
		{D8C7FACC-70D7-42B5-8F0C-E369B16D93C2}.AppStore|x86.ActiveCfg = Release|x86
		{D8C7FACC-70D7-42B5-8F0C-E369B16D93C2}.AppStore|x86.Build.0 = Release|x86
		{D8C7FACC-70D7-42B5-8F0C-E369B16D93C2}.AppStore|x86.Deploy.0 = Release|x86
		{D8C7FACC-70D7-42B5-8F0C-E369B16D93C2}.Debug|Any CPU.ActiveCfg = Debug|x86
		{D8C7FACC-70D7-42B5-8F0C-E369B16D93C2}.Debug|ARM.ActiveCfg = Debug|ARM
		{D8C7FACC-70D7-42B5-8F0C-E369B16D93C2}.Debug|ARM.Build.0 = Debug|ARM
		{D8C7FACC-70D7-42B5-8F0C-E369B16D93C2}.Debug|ARM.Deploy.0 = Debug|ARM
		{D8C7FACC-70D7-42B5-8F0C-E369B16D93C2}.Debug|iPhone.ActiveCfg = Debug|x86
		{D8C7FACC-70D7-42B5-8F0C-E369B16D93C2}.Debug|iPhoneSimulator.ActiveCfg = Debug|x86
		{D8C7FACC-70D7-42B5-8F0C-E369B16D93C2}.Debug|x64.ActiveCfg = Debug|x64
		{D8C7FACC-70D7-42B5-8F0C-E369B16D93C2}.Debug|x64.Build.0 = Debug|x64
		{D8C7FACC-70D7-42B5-8F0C-E369B16D93C2}.Debug|x64.Deploy.0 = Debug|x64
		{D8C7FACC-70D7-42B5-8F0C-E369B16D93C2}.Debug|x86.ActiveCfg = Debug|x86
		{D8C7FACC-70D7-42B5-8F0C-E369B16D93C2}.Debug|x86.Build.0 = Debug|x86
		{D8C7FACC-70D7-42B5-8F0C-E369B16D93C2}.Debug|x86.Deploy.0 = Debug|x86
		{D8C7FACC-70D7-42B5-8F0C-E369B16D93C2}.Release|Any CPU.ActiveCfg = Release|x86
		{D8C7FACC-70D7-42B5-8F0C-E369B16D93C2}.Release|ARM.ActiveCfg = Release|ARM
		{D8C7FACC-70D7-42B5-8F0C-E369B16D93C2}.Release|ARM.Build.0 = Release|ARM
		{D8C7FACC-70D7-42B5-8F0C-E369B16D93C2}.Release|ARM.Deploy.0 = Release|ARM
		{D8C7FACC-70D7-42B5-8F0C-E369B16D93C2}.Release|iPhone.ActiveCfg = Release|x86
		{D8C7FACC-70D7-42B5-8F0C-E369B16D93C2}.Release|iPhoneSimulator.ActiveCfg = Release|x86
		{D8C7FACC-70D7-42B5-8F0C-E369B16D93C2}.Release|x64.ActiveCfg = Release|x64
		{D8C7FACC-70D7-42B5-8F0C-E369B16D93C2}.Release|x64.Build.0 = Release|x64
		{D8C7FACC-70D7-42B5-8F0C-E369B16D93C2}.Release|x64.Deploy.0 = Release|x64
		{D8C7FACC-70D7-42B5-8F0C-E369B16D93C2}.Release|x86.ActiveCfg = Release|x86
		{D8C7FACC-70D7-42B5-8F0C-E369B16D93C2}.Release|x86.Build.0 = Release|x86
		{D8C7FACC-70D7-42B5-8F0C-E369B16D93C2}.Release|x86.Deploy.0 = Release|x86
		{E04F21C0-1B34-46DE-AEA5-0CFA6803AE14}.Ad-Hoc|Any CPU.ActiveCfg = Ad-Hoc|iPhone
		{E04F21C0-1B34-46DE-AEA5-0CFA6803AE14}.Ad-Hoc|ARM.ActiveCfg = Ad-Hoc|iPhone
		{E04F21C0-1B34-46DE-AEA5-0CFA6803AE14}.Ad-Hoc|iPhone.ActiveCfg = Ad-Hoc|iPhone
		{E04F21C0-1B34-46DE-AEA5-0CFA6803AE14}.Ad-Hoc|iPhone.Build.0 = Ad-Hoc|iPhone
		{E04F21C0-1B34-46DE-AEA5-0CFA6803AE14}.Ad-Hoc|iPhoneSimulator.ActiveCfg = Ad-Hoc|iPhoneSimulator
		{E04F21C0-1B34-46DE-AEA5-0CFA6803AE14}.Ad-Hoc|iPhoneSimulator.Build.0 = Ad-Hoc|iPhoneSimulator
		{E04F21C0-1B34-46DE-AEA5-0CFA6803AE14}.Ad-Hoc|x64.ActiveCfg = Ad-Hoc|iPhone
		{E04F21C0-1B34-46DE-AEA5-0CFA6803AE14}.Ad-Hoc|x86.ActiveCfg = Ad-Hoc|iPhone
		{E04F21C0-1B34-46DE-AEA5-0CFA6803AE14}.AppStore|Any CPU.ActiveCfg = AppStore|iPhone
		{E04F21C0-1B34-46DE-AEA5-0CFA6803AE14}.AppStore|ARM.ActiveCfg = AppStore|iPhone
		{E04F21C0-1B34-46DE-AEA5-0CFA6803AE14}.AppStore|iPhone.ActiveCfg = AppStore|iPhone
		{E04F21C0-1B34-46DE-AEA5-0CFA6803AE14}.AppStore|iPhone.Build.0 = AppStore|iPhone
		{E04F21C0-1B34-46DE-AEA5-0CFA6803AE14}.AppStore|iPhoneSimulator.ActiveCfg = AppStore|iPhoneSimulator
		{E04F21C0-1B34-46DE-AEA5-0CFA6803AE14}.AppStore|iPhoneSimulator.Build.0 = AppStore|iPhoneSimulator
		{E04F21C0-1B34-46DE-AEA5-0CFA6803AE14}.AppStore|x64.ActiveCfg = AppStore|iPhone
		{E04F21C0-1B34-46DE-AEA5-0CFA6803AE14}.AppStore|x86.ActiveCfg = AppStore|iPhone
		{E04F21C0-1B34-46DE-AEA5-0CFA6803AE14}.Debug|Any CPU.ActiveCfg = Debug|iPhone
		{E04F21C0-1B34-46DE-AEA5-0CFA6803AE14}.Debug|ARM.ActiveCfg = Debug|iPhone
		{E04F21C0-1B34-46DE-AEA5-0CFA6803AE14}.Debug|iPhone.ActiveCfg = Debug|iPhone
		{E04F21C0-1B34-46DE-AEA5-0CFA6803AE14}.Debug|iPhone.Build.0 = Debug|iPhone
		{E04F21C0-1B34-46DE-AEA5-0CFA6803AE14}.Debug|iPhoneSimulator.ActiveCfg = Debug|iPhoneSimulator
		{E04F21C0-1B34-46DE-AEA5-0CFA6803AE14}.Debug|iPhoneSimulator.Build.0 = Debug|iPhoneSimulator
		{E04F21C0-1B34-46DE-AEA5-0CFA6803AE14}.Debug|x64.ActiveCfg = Debug|iPhone
		{E04F21C0-1B34-46DE-AEA5-0CFA6803AE14}.Debug|x86.ActiveCfg = Debug|iPhone
		{E04F21C0-1B34-46DE-AEA5-0CFA6803AE14}.Release|Any CPU.ActiveCfg = Release|iPhone
		{E04F21C0-1B34-46DE-AEA5-0CFA6803AE14}.Release|ARM.ActiveCfg = Release|iPhone
		{E04F21C0-1B34-46DE-AEA5-0CFA6803AE14}.Release|iPhone.ActiveCfg = Release|iPhone
		{E04F21C0-1B34-46DE-AEA5-0CFA6803AE14}.Release|iPhone.Build.0 = Release|iPhone
		{E04F21C0-1B34-46DE-AEA5-0CFA6803AE14}.Release|iPhoneSimulator.ActiveCfg = Release|iPhoneSimulator
		{E04F21C0-1B34-46DE-AEA5-0CFA6803AE14}.Release|iPhoneSimulator.Build.0 = Release|iPhoneSimulator
		{E04F21C0-1B34-46DE-AEA5-0CFA6803AE14}.Release|x64.ActiveCfg = Release|iPhone
		{E04F21C0-1B34-46DE-AEA5-0CFA6803AE14}.Release|x86.ActiveCfg = Release|iPhone
	EndGlobalSection
	GlobalSection(SolutionProperties) = preSolution
		HideSolutionNode = FALSE
	EndGlobalSection
EndGlobal
